
Microsoft Visual Studio Solution File, Format Version 12.00
# Visual Studio 15
VisualStudioVersion = 15.0.28307.572
MinimumVisualStudioVersion = 10.0.40219.1
Project("{FAE04EC0-301F-11D3-BF4B-00C04F79EFBC}") = "EPaper", "EPaper\EPaper.csproj", "{C4A5A4DB-C471-4C13-984D-1110D0E66B5A}"
EndProject
Global
	GlobalSection(SolutionConfigurationPlatforms) = preSolution
		Debug|Any CPU = Debug|Any CPU
		Release|Any CPU = Release|Any CPU
	EndGlobalSection
	GlobalSection(ProjectConfigurationPlatforms) = postSolution
		{C4A5A4DB-C471-4C13-984D-1110D0E66B5A}.Debug|Any CPU.ActiveCfg = Debug|Any CPU
		{C4A5A4DB-C471-4C13-984D-1110D0E66B5A}.Debug|Any CPU.Build.0 = Debug|Any CPU
		{C4A5A4DB-C471-4C13-984D-1110D0E66B5A}.Release|Any CPU.ActiveCfg = Release|Any CPU
		{C4A5A4DB-C471-4C13-984D-1110D0E66B5A}.Release|Any CPU.Build.0 = Release|Any CPU
	EndGlobalSection
	GlobalSection(SolutionProperties) = preSolution
		HideSolutionNode = FALSE
	EndGlobalSection
	GlobalSection(ExtensibilityGlobals) = postSolution
		SolutionGuid = {01A98026-BCA4-4023-8E61-D780A49AA0F3}
	EndGlobalSection
EndGlobal
